Microsoft Visual Studio Solution File, Format Version 12.00
# Visual Studio Version 17
VisualStudioVersion = 17.12.35527.113 d17.12
MinimumVisualStudioVersion = 10.0.40219.1
Project("{FAE04EC0-301F-11D3-BF4B-00C04F79EFBC}") = "ClothingManager.AppHost", "ClothingManager.AppHost\ClothingManager.AppHost.csproj", "{D0817C9C-5097-46AE-8A69-EAB38EB57F78}"
EndProject
Project("{FAE04EC0-301F-11D3-BF4B-00C04F79EFBC}") = "ClothingManager.ServiceDefaults", "ClothingManager.ServiceDefaults\ClothingManager.ServiceDefaults.csproj", "{3EB75232-472E-498C-AA52-AD48C3327AF8}"
EndProject
Project("{FAE04EC0-301F-11D3-BF4B-00C04F79EFBC}") = "ClothingManager.ApiService", "ClothingManager.ApiService\ClothingManager.ApiService.csproj", "{BB84571C-C1FE-49FF-9D89-4CF8A9319CB0}"
EndProject
Project("{FAE04EC0-301F-11D3-BF4B-00C04F79EFBC}") = "ClothingManager.Web", "ClothingManager.Web\ClothingManager.Web.csproj", "{512928E5-2057-43FF-B49A-F318391A612A}"
EndProject
Project("{FAE04EC0-301F-11D3-BF4B-00C04F79EFBC}") = "ClothingManager.Tests", "ClothingManager.Tests\ClothingManager.Tests.csproj", "{AAB9A550-088A-469B-A9D1-83A22F48F288}"
EndProject
Global
	GlobalSection(SolutionConfigurationPlatforms) = preSolution
		Debug|Any CPU = Debug|Any CPU
		Release|Any CPU = Release|Any CPU
	EndGlobalSection
	GlobalSection(ProjectConfigurationPlatforms) = postSolution
		{D0817C9C-5097-46AE-8A69-EAB38EB57F78}.Debug|Any CPU.ActiveCfg = Debug|Any CPU
		{D0817C9C-5097-46AE-8A69-EAB38EB57F78}.Debug|Any CPU.Build.0 = Debug|Any CPU
		{D0817C9C-5097-46AE-8A69-EAB38EB57F78}.Release|Any CPU.ActiveCfg = Release|Any CPU
		{D0817C9C-5097-46AE-8A69-EAB38EB57F78}.Release|Any CPU.Build.0 = Release|Any CPU
		{3EB75232-472E-498C-AA52-AD48C3327AF8}.Debug|Any CPU.ActiveCfg = Debug|Any CPU
		{3EB75232-472E-498C-AA52-AD48C3327AF8}.Debug|Any CPU.Build.0 = Debug|Any CPU
		{3EB75232-472E-498C-AA52-AD48C3327AF8}.Release|Any CPU.ActiveCfg = Release|Any CPU
		{3EB75232-472E-498C-AA52-AD48C3327AF8}.Release|Any CPU.Build.0 = Release|Any CPU
		{BB84571C-C1FE-49FF-9D89-4CF8A9319CB0}.Debug|Any CPU.ActiveCfg = Debug|Any CPU
		{BB84571C-C1FE-49FF-9D89-4CF8A9319CB0}.Debug|Any CPU.Build.0 = Debug|Any CPU
		{BB84571C-C1FE-49FF-9D89-4CF8A9319CB0}.Release|Any CPU.ActiveCfg = Release|Any CPU
		{BB84571C-C1FE-49FF-9D89-4CF8A9319CB0}.Release|Any CPU.Build.0 = Release|Any CPU
		{512928E5-2057-43FF-B49A-F318391A612A}.Debug|Any CPU.ActiveCfg = Debug|Any CPU
		{512928E5-2057-43FF-B49A-F318391A612A}.Debug|Any CPU.Build.0 = Debug|Any CPU
		{512928E5-2057-43FF-B49A-F318391A612A}.Release|Any CPU.ActiveCfg = Release|Any CPU
		{512928E5-2057-43FF-B49A-F318391A612A}.Release|Any CPU.Build.0 = Release|Any CPU
		{AAB9A550-088A-469B-A9D1-83A22F48F288}.Debug|Any CPU.ActiveCfg = Debug|Any CPU
		{AAB9A550-088A-469B-A9D1-83A22F48F288}.Debug|Any CPU.Build.0 = Debug|Any CPU
		{AAB9A550-088A-469B-A9D1-83A22F48F288}.Release|Any CPU.ActiveCfg = Release|Any CPU
		{AAB9A550-088A-469B-A9D1-83A22F48F288}.Release|Any CPU.Build.0 = Release|Any CPU
	EndGlobalSection
	GlobalSection(SolutionProperties) = preSolution
		HideSolutionNode = FALSE
	EndGlobalSection
EndGlobal
